// !$*UTF8*$!
{
	archiveVersion = 1;
	classes = {
	};
	objectVersion = 48;
	objects = {

/* Begin PBXBuildFile section */
		F30A4DE11F9747BC0071930B /* NFCReader.m in Sources */ = {isa = PBXBuildFile; fileRef = F30A4DE01F9747BC0071930B /* NFCReader.m */; };
		F38D86501F95FFA900A5947F /* AppDelegate.m in Sources */ = {isa = PBXBuildFile; fileRef = F38D864F1F95FFA900A5947F /* AppDelegate.m */; };
		F38D86531F95FFA900A5947F /* ViewController.m in Sources */ = {isa = PBXBuildFile; fileRef = F38D86521F95FFA900A5947F /* ViewController.m */; };
		F38D86581F95FFA900A5947F /* Assets.xcassets in Resources */ = {isa = PBXBuildFile; fileRef = F38D86571F95FFA900A5947F /* Assets.xcassets */; };
		F38D865B1F95FFA900A5947F /* LaunchScreen.storyboard in Resources */ = {isa = PBXBuildFile; fileRef = F38D86591F95FFA900A5947F /* LaunchScreen.storyboard */; };
		F38D865E1F95FFAA00A5947F /* main.m in Sources */ = {isa = PBXBuildFile; fileRef = F38D865D1F95FFAA00A5947F /* main.m */; };
		F38D86831F96045E00A5947F /* CoreNFC.framework in Frameworks */ = {isa = PBXBuildFile; fileRef = F38D86821F96045E00A5947F /* CoreNFC.framework */; };
		F38D86881F960EDF00A5947F /* Main.storyboard in Resources */ = {isa = PBXBuildFile; fileRef = F38D86541F95FFA900A5947F /* Main.storyboard */; };
		F38D86891F960F2D00A5947F /* logo.png in Resources */ = {isa = PBXBuildFile; fileRef = F38D86871F960E2B00A5947F /* logo.png */; };
/* End PBXBuildFile section */

/* Begin PBXFileReference section */
		F30A4DE01F9747BC0071930B /* NFCReader.m */ = {isa = PBXFileReference; lastKnownFileType = sourcecode.c.objc; path = NFCReader.m; sourceTree = "<group>"; };
		F30A4DE21F9747CA0071930B /* NFCReader.h */ = {isa = PBXFileReference; lastKnownFileType = sourcecode.c.h; path = NFCReader.h; sourceTree = "<group>"; };
		F31D99E91F9655CA005D9ACD /* yubico_180_w.png */ = {isa = PBXFileReference; lastKnownFileType = image.png; path = yubico_180_w.png; sourceTree = "<group>"; };
		F31D99EA1F9655CA005D9ACD /* yubico_80_w.png */ = {isa = PBXFileReference; lastKnownFileType = image.png; path = yubico_80_w.png; sourceTree = "<group>"; };
		F31D99EB1F9655CA005D9ACD /* yubico_120_w.png */ = {isa = PBXFileReference; lastKnownFileType = image.png; path = yubico_120_w.png; sourceTree = "<group>"; };
		F31D99EC1F9655CA005D9ACD /* yubico_58_w.png */ = {isa = PBXFileReference; lastKnownFileType = image.png; path = yubico_58_w.png; sourceTree = "<group>"; };
		F38D864B1F95FFA900A5947F /* ykiosndefreader.app */ = {isa = PBXFileReference; explicitFileType = wrapper.application; includeInIndex = 0; path = ykiosndefreader.app; sourceTree = BUILT_PRODUCTS_DIR; };
		F38D864E1F95FFA900A5947F /* AppDelegate.h */ = {isa = PBXFileReference; lastKnownFileType = sourcecode.c.h; path = AppDelegate.h; sourceTree = "<group>"; };
		F38D864F1F95FFA900A5947F /* AppDelegate.m */ = {isa = PBXFileReference; lastKnownFileType = sourcecode.c.objc; path = AppDelegate.m; sourceTree = "<group>"; };
		F38D86511F95FFA900A5947F /* ViewController.h */ = {isa = PBXFileReference; lastKnownFileType = sourcecode.c.h; path = ViewController.h; sourceTree = "<group>"; };
		F38D86521F95FFA900A5947F /* ViewController.m */ = {isa = PBXFileReference; lastKnownFileType = sourcecode.c.objc; path = ViewController.m; sourceTree = "<group>"; };
		F38D86551F95FFA900A5947F /* Base */ = {isa = PBXFileReference; lastKnownFileType = file.storyboard; name = Base; path = Base.lproj/Main.storyboard; sourceTree = "<group>"; };
		F38D86571F95FFA900A5947F /* Assets.xcassets */ = {isa = PBXFileReference; lastKnownFileType = folder.assetcatalog; path = Assets.xcassets; sourceTree = "<group>"; };
		F38D865A1F95FFA900A5947F /* Base */ = {isa = PBXFileReference; lastKnownFileType = file.storyboard; name = Base; path = Base.lproj/LaunchScreen.storyboard; sourceTree = "<group>"; };
		F38D865C1F95FFA900A5947F /* Info.plist */ = {isa = PBXFileReference; lastKnownFileType = text.plist.xml; path = Info.plist; sourceTree = "<group>"; };
		F38D865D1F95FFAA00A5947F /* main.m */ = {isa = PBXFileReference; lastKnownFileType = sourcecode.c.objc; path = main.m; sourceTree = "<group>"; };
		F38D86821F96045E00A5947F /* CoreNFC.framework */ = {isa = PBXFileReference; lastKnownFileType = wrapper.framework; name = CoreNFC.framework; path = System/Library/Frameworks/CoreNFC.framework; sourceTree = SDKROOT; };
		F38D86841F96055E00A5947F /* ykiosndefreader.entitlements */ = {isa = PBXFileReference; lastKnownFileType = text.plist.entitlements; path = ykiosndefreader.entitlements; sourceTree = "<group>"; };
		F38D86871F960E2B00A5947F /* logo.png */ = {isa = PBXFileReference; lastKnownFileType = image.png; path = logo.png; sourceTree = "<group>"; };
/* End PBXFileReference section */

/* Begin PBXFrameworksBuildPhase section */
		F38D86481F95FFA900A5947F /* Frameworks */ = {
			isa = PBXFrameworksBuildPhase;
			buildActionMask = 2147483647;
			files = (
				F38D86831F96045E00A5947F /* CoreNFC.framework in Frameworks */,
			);
			runOnlyForDeploymentPostprocessing = 0;
		};
/* End PBXFrameworksBuildPhase section */

/* Begin PBXGroup section */
		F31D99ED1F965610005D9ACD /* Supportive Files */ = {
			isa = PBXGroup;
			children = (
				F38D86871F960E2B00A5947F /* logo.png */,
				F31D99EC1F9655CA005D9ACD /* yubico_58_w.png */,
				F31D99EA1F9655CA005D9ACD /* yubico_80_w.png */,
				F31D99EB1F9655CA005D9ACD /* yubico_120_w.png */,
				F31D99E91F9655CA005D9ACD /* yubico_180_w.png */,
			);
			path = "Supportive Files";
			sourceTree = "<group>";
		};
		F38D86421F95FFA900A5947F = {
			isa = PBXGroup;
			children = (
				F38D864D1F95FFA900A5947F /* ykiosndefreader */,
				F38D864C1F95FFA900A5947F /* Products */,
				F38D86811F96045E00A5947F /* Frameworks */,
			);
			sourceTree = "<group>";
		};
		F38D864C1F95FFA900A5947F /* Products */ = {
			isa = PBXGroup;
			children = (
				F38D864B1F95FFA900A5947F /* ykiosndefreader.app */,
			);
			name = Products;
			sourceTree = "<group>";
		};
		F38D864D1F95FFA900A5947F /* ykiosndefreader */ = {
			isa = PBXGroup;
			children = (
				F31D99ED1F965610005D9ACD /* Supportive Files */,
				F38D86841F96055E00A5947F /* ykiosndefreader.entitlements */,
				F38D864E1F95FFA900A5947F /* AppDelegate.h */,
				F38D864F1F95FFA900A5947F /* AppDelegate.m */,
				F38D86511F95FFA900A5947F /* ViewController.h */,
				F38D86521F95FFA900A5947F /* ViewController.m */,
				F38D86541F95FFA900A5947F /* Main.storyboard */,
				F38D86571F95FFA900A5947F /* Assets.xcassets */,
				F38D86591F95FFA900A5947F /* LaunchScreen.storyboard */,
				F38D865C1F95FFA900A5947F /* Info.plist */,
				F38D865D1F95FFAA00A5947F /* main.m */,
				F30A4DE01F9747BC0071930B /* NFCReader.m */,
				F30A4DE21F9747CA0071930B /* NFCReader.h */,
			);
			path = ykiosndefreader;
			sourceTree = "<group>";
		};
		F38D86811F96045E00A5947F /* Frameworks */ = {
			isa = PBXGroup;
			children = (
				F38D86821F96045E00A5947F /* CoreNFC.framework */,
			);
			name = Frameworks;
			sourceTree = "<group>";
		};
/* End PBXGroup section */

/* Begin PBXNativeTarget section */
		F38D864A1F95FFA900A5947F /* ykiosndefreader */ = {
			isa = PBXNativeTarget;
			buildConfigurationList = F38D86771F95FFAA00A5947F /* Build configuration list for PBXNativeTarget "ykiosndefreader" */;
			buildPhases = (
				F38D86471F95FFA900A5947F /* Sources */,
				F38D86481F95FFA900A5947F /* Frameworks */,
				F38D86491F95FFA900A5947F /* Resources */,
			);
			buildRules = (
			);
			dependencies = (
			);
			name = ykiosndefreader;
			productName = ykiosndefreader;
			productReference = F38D864B1F95FFA900A5947F /* ykiosndefreader.app */;
			productType = "com.apple.product-type.application";
		};
/* End PBXNativeTarget section */

/* Begin PBXProject section */
		F38D86431F95FFA900A5947F /* Project object */ = {
			isa = PBXProject;
			attributes = {
				LastUpgradeCheck = 0900;
				ORGANIZATIONNAME = "Deniz Akkaya";
				TargetAttributes = {
					F38D864A1F95FFA900A5947F = {
						CreatedOnToolsVersion = 9.0;
						ProvisioningStyle = Automatic;
						SystemCapabilities = {
							com.apple.NearFieldCommunicationTagReading = {
								enabled = 1;
							};
						};
					};
				};
			};
			buildConfigurationList = F38D86461F95FFA900A5947F /* Build configuration list for PBXProject "ykiosndefreader" */;
			compatibilityVersion = "Xcode 8.0";
			developmentRegion = en;
			hasScannedForEncodings = 0;
			knownRegions = (
				en,
				Base,
			);
			mainGroup = F38D86421F95FFA900A5947F;
			productRefGroup = F38D864C1F95FFA900A5947F /* Products */;
			projectDirPath = "";
			projectRoot = "";
			targets = (
				F38D864A1F95FFA900A5947F /* ykiosndefreader */,
			);
		};
/* End PBXProject section */

/* Begin PBXResourcesBuildPhase section */
		F38D86491F95FFA900A5947F /* Resources */ = {
			isa = PBXResourcesBuildPhase;
			buildActionMask = 2147483647;
			files = (
				F38D86891F960F2D00A5947F /* logo.png in Resources */,
				F38D86881F960EDF00A5947F /* Main.storyboard in Resources */,
				F38D865B1F95FFA900A5947F /* LaunchScreen.storyboard in Resources */,
				F38D86581F95FFA900A5947F /* Assets.xcassets in Resources */,
			);
			runOnlyForDeploymentPostprocessing = 0;
		};
/* End PBXResourcesBuildPhase section */

/* Begin PBXSourcesBuildPhase section */
		F38D86471F95FFA900A5947F /* Sources */ = {
			isa = PBXSourcesBuildPhase;
			buildActionMask = 2147483647;
			files = (
				F30A4DE11F9747BC0071930B /* NFCReader.m in Sources */,
				F38D86531F95FFA900A5947F /* ViewController.m in Sources */,
				F38D865E1F95FFAA00A5947F /* main.m in Sources */,
				F38D86501F95FFA900A5947F /* AppDelegate.m in Sources */,
			);
			runOnlyForDeploymentPostprocessing = 0;
		};
/* End PBXSourcesBuildPhase section */

/* Begin PBXVariantGroup section */
		F38D86541F95FFA900A5947F /* Main.storyboard */ = {
			isa = PBXVariantGroup;
			children = (
				F38D86551F95FFA900A5947F /* Base */,
			);
			name = Main.storyboard;
			sourceTree = "<group>";
		};
		F38D86591F95FFA900A5947F /* LaunchScreen.storyboard */ = {
			isa = PBXVariantGroup;
			children = (
				F38D865A1F95FFA900A5947F /* Base */,
			);
			name = LaunchScreen.storyboard;
			sourceTree = "<group>";
		};
/* End PBXVariantGroup section */

/* Begin XCBuildConfiguration section */
		F38D86751F95FFAA00A5947F /* Debug */ = {
			isa = XCBuildConfiguration;
			buildSettings = {
				ALWAYS_SEARCH_USER_PATHS = NO;
				CLANG_ANALYZER_NONNULL = YES;
				CLANG_ANALYZER_NUMBER_OBJECT_CONVERSION = YES_AGGRESSIVE;
				CLANG_CXX_LANGUAGE_STANDARD = "gnu++14";
				CLANG_CXX_LIBRARY = "libc++";
				CLANG_ENABLE_MODULES = YES;
				CLANG_ENABLE_OBJC_ARC = YES;
				CLANG_WARN_BLOCK_CAPTURE_AUTORELEASING = YES;
				CLANG_WARN_BOOL_CONVERSION = YES;
				CLANG_WARN_COMMA = YES;
				CLANG_WARN_CONSTANT_CONVERSION = YES;
				CLANG_WARN_DIRECT_OBJC_ISA_USAGE = YES_ERROR;
				CLANG_WARN_DOCUMENTATION_COMMENTS = YES;
				CLANG_WARN_EMPTY_BODY = YES;
				CLANG_WARN_ENUM_CONVERSION = YES;
				CLANG_WARN_INFINITE_RECURSION = YES;
				CLANG_WARN_INT_CONVERSION = YES;
				CLANG_WARN_NON_LITERAL_NULL_CONVERSION = YES;
				CLANG_WARN_OBJC_LITERAL_CONVERSION = YES;
				CLANG_WARN_OBJC_ROOT_CLASS = YES_ERROR;
				CLANG_WARN_RANGE_LOOP_ANALYSIS = YES;
				CLANG_WARN_STRICT_PROTOTYPES = YES;
				CLANG_WARN_SUSPICIOUS_MOVE = YES;
				CLANG_WARN_UNGUARDED_AVAILABILITY = YES_AGGRESSIVE;
				CLANG_WARN_UNREACHABLE_CODE = YES;
				CLANG_WARN__DUPLICATE_METHOD_MATCH = YES;
				CODE_SIGN_IDENTITY = "iPhone Developer";
				COPY_PHASE_STRIP = NO;
				DEBUG_INFORMATION_FORMAT = dwarf;
				ENABLE_STRICT_OBJC_MSGSEND = YES;
				ENABLE_TESTABILITY = YES;
				GCC_C_LANGUAGE_STANDARD = gnu11;
				GCC_DYNAMIC_NO_PIC = NO;
				GCC_NO_COMMON_BLOCKS = YES;
				GCC_OPTIMIZATION_LEVEL = 0;
				GCC_PREPROCESSOR_DEFINITIONS = (
					"DEBUG=1",
					"$(inherited)",
				);
				GCC_WARN_64_TO_32_BIT_CONVERSION = YES;
				GCC_WARN_ABOUT_RETURN_TYPE = YES_ERROR;
				GCC_WARN_UNDECLARED_SELECTOR = YES;
				GCC_WARN_UNINITIALIZED_AUTOS = YES_AGGRESSIVE;
				GCC_WARN_UNUSED_FUNCTION = YES;
				GCC_WARN_UNUSED_VARIABLE = YES;
				IPHONEOS_DEPLOYMENT_TARGET = 11.0;
				MTL_ENABLE_DEBUG_INFO = YES;
				ONLY_ACTIVE_ARCH = YES;
				SDKROOT = iphoneos;
			};
			name = Debug;
		};
		F38D86761F95FFAA00A5947F /* Release */ = {
			isa = XCBuildConfiguration;
			buildSettings = {
				ALWAYS_SEARCH_USER_PATHS = NO;
				CLANG_ANALYZER_NONNULL = YES;
				CLANG_ANALYZER_NUMBER_OBJECT_CONVERSION = YES_AGGRESSIVE;
				CLANG_CXX_LANGUAGE_STANDARD = "gnu++14";
				CLANG_CXX_LIBRARY = "libc++";
				CLANG_ENABLE_MODULES = YES;
				CLANG_ENABLE_OBJC_ARC = YES;
				CLANG_WARN_BLOCK_CAPTURE_AUTORELEASING = YES;
				CLANG_WARN_BOOL_CONVERSION = YES;
				CLANG_WARN_COMMA = YES;
				CLANG_WARN_CONSTANT_CONVERSION = YES;
				CLANG_WARN_DIRECT_OBJC_ISA_USAGE = YES_ERROR;
				CLANG_WARN_DOCUMENTATION_COMMENTS = YES;
				CLANG_WARN_EMPTY_BODY = YES;
				CLANG_WARN_ENUM_CONVERSION = YES;
				CLANG_WARN_INFINITE_RECURSION = YES;
				CLANG_WARN_INT_CONVERSION = YES;
				CLANG_WARN_NON_LITERAL_NULL_CONVERSION = YES;
				CLANG_WARN_OBJC_LITERAL_CONVERSION = YES;
				CLANG_WARN_OBJC_ROOT_CLASS = YES_ERROR;
				CLANG_WARN_RANGE_LOOP_ANALYSIS = YES;
				CLANG_WARN_STRICT_PROTOTYPES = YES;
				CLANG_WARN_SUSPICIOUS_MOVE = YES;
				CLANG_WARN_UNGUARDED_AVAILABILITY = YES_AGGRESSIVE;
				CLANG_WARN_UNREACHABLE_CODE = YES;
				CLANG_WARN__DUPLICATE_METHOD_MATCH = YES;
				CODE_SIGN_IDENTITY = "iPhone Developer";
				COPY_PHASE_STRIP = NO;
				DEBUG_INFORMATION_FORMAT = "dwarf-with-dsym";
				ENABLE_NS_ASSERTIONS = NO;
				ENABLE_STRICT_OBJC_MSGSEND = YES;
				GCC_C_LANGUAGE_STANDARD = gnu11;
				GCC_NO_COMMON_BLOCKS = YES;
				GCC_WARN_64_TO_32_BIT_CONVERSION = YES;
				GCC_WARN_ABOUT_RETURN_TYPE = YES_ERROR;
				GCC_WARN_UNDECLARED_SELECTOR = YES;
				GCC_WARN_UNINITIALIZED_AUTOS = YES_AGGRESSIVE;
				GCC_WARN_UNUSED_FUNCTION = YES;
				GCC_WARN_UNUSED_VARIABLE = YES;
				IPHONEOS_DEPLOYMENT_TARGET = 11.0;
				MTL_ENABLE_DEBUG_INFO = NO;
				SDKROOT = iphoneos;
				VALIDATE_PRODUCT = YES;
			};
			name = Release;
		};
		F38D86781F95FFAA00A5947F /* Debug */ = {
			isa = XCBuildConfiguration;
			buildSettings = {
				ASSETCATALOG_COMPILER_APPICON_NAME = AppIcon;
				CLANG_ENABLE_OBJC_ARC = NO;
				CODE_SIGN_ENTITLEMENTS = ykiosndefreader/ykiosndefreader.entitlements;
				CODE_SIGN_STYLE = Automatic;
				DEVELOPMENT_TEAM = LQA3CS5MM7;
				INFOPLIST_FILE = ykiosndefreader/Info.plist;
				LD_RUNPATH_SEARCH_PATHS = "$(inherited) @executable_path/Frameworks";
				PRODUCT_BUNDLE_IDENTIFIER = com.yubico.ykiosndefreader;
				PRODUCT_NAME = "$(TARGET_NAME)";
				TARGETED_DEVICE_FAMILY = 1;
			};
			name = Debug;
		};
		F38D86791F95FFAA00A5947F /* Release */ = {
			isa = XCBuildConfiguration;
			buildSettings = {
				ASSETCATALOG_COMPILER_APPICON_NAME = AppIcon;
				CLANG_ENABLE_OBJC_ARC = NO;
				CODE_SIGN_ENTITLEMENTS = ykiosndefreader/ykiosndefreader.entitlements;
				CODE_SIGN_STYLE = Automatic;
				DEVELOPMENT_TEAM = LQA3CS5MM7;
				INFOPLIST_FILE = ykiosndefreader/Info.plist;
				LD_RUNPATH_SEARCH_PATHS = "$(inherited) @executable_path/Frameworks";
				PRODUCT_BUNDLE_IDENTIFIER = com.yubico.ykiosndefreader;
				PRODUCT_NAME = "$(TARGET_NAME)";
				TARGETED_DEVICE_FAMILY = 1;
			};
			name = Release;
		};
/* End XCBuildConfiguration section */

/* Begin XCConfigurationList section */
		F38D86461F95FFA900A5947F /* Build configuration list for PBXProject "ykiosndefreader" */ = {
			isa = XCConfigurationList;
			buildConfigurations = (
				F38D86751F95FFAA00A5947F /* Debug */,
				F38D86761F95FFAA00A5947F /* Release */,
			);
			defaultConfigurationIsVisible = 0;
			defaultConfigurationName = Release;
		};
		F38D86771F95FFAA00A5947F /* Build configuration list for PBXNativeTarget "ykiosndefreader" */ = {
			isa = XCConfigurationList;
			buildConfigurations = (
				F38D86781F95FFAA00A5947F /* Debug */,
				F38D86791F95FFAA00A5947F /* Release */,
			);
			defaultConfigurationIsVisible = 0;
			defaultConfigurationName = Release;
		};
/* End XCConfigurationList section */
	};
	rootObject = F38D86431F95FFA900A5947F /* Project object */;
}
